
Microsoft Visual Studio Solution File, Format Version 12.00
# Visual Studio 14
VisualStudioVersion = 14.0.24720.0
MinimumVisualStudioVersion = 10.0.40219.1
Project("{FAE04EC0-301F-11D3-BF4B-00C04F79EFBC}") = "HostFileManager", "HostFileManager\HostFileManager.csproj", "{203BEAEF-6A39-4F5D-998B-13177F3EC42D}"
EndProject
Project("{FAE04EC0-301F-11D3-BF4B-00C04F79EFBC}") = "MutexManager", "MutexManager\MutexManager.csproj", "{60E31856-9482-40A6-BFC9-9393A40DB2CD}"
EndProject
Global
	GlobalSection(SolutionConfigurationPlatforms) = preSolution
		Debug|Any CPU = Debug|Any CPU
		Release|Any CPU = Release|Any CPU
	EndGlobalSection
	GlobalSection(ProjectConfigurationPlatforms) = postSolution
		{203BEAEF-6A39-4F5D-998B-13177F3EC42D}.Debug|Any CPU.ActiveCfg = Debug|Any CPU
		{203BEAEF-6A39-4F5D-998B-13177F3EC42D}.Debug|Any CPU.Build.0 = Debug|Any CPU
		{203BEAEF-6A39-4F5D-998B-13177F3EC42D}.Release|Any CPU.ActiveCfg = Release|Any CPU
		{203BEAEF-6A39-4F5D-998B-13177F3EC42D}.Release|Any CPU.Build.0 = Release|Any CPU
		{60E31856-9482-40A6-BFC9-9393A40DB2CD}.Debug|Any CPU.ActiveCfg = Debug|Any CPU
		{60E31856-9482-40A6-BFC9-9393A40DB2CD}.Debug|Any CPU.Build.0 = Debug|Any CPU
		{60E31856-9482-40A6-BFC9-9393A40DB2CD}.Release|Any CPU.ActiveCfg = Release|Any CPU
		{60E31856-9482-40A6-BFC9-9393A40DB2CD}.Release|Any CPU.Build.0 = Release|Any CPU
	EndGlobalSection
	GlobalSection(SolutionProperties) = preSolution
		HideSolutionNode = FALSE
	EndGlobalSection
EndGlobal
